{
  "name": "test-aqua-frontend",
  "version": "1.0.0",
  "lockfileVersion": 2,
  "requires": true,
  "packages": {
    "": {
      "name": "test-aqua-frontend",
      "version": "1.0.0",
      "dependencies": {
        "axios": "0.21.1",
        "lodash": "4.17.19",
        "minimist": "1.2.5",
        "mstate-cli": "0.4.4",
        "node-fetch": "2.6.0",
        "payu-ui-v2": "1.0.0",
        "react": "16.8.0",
        "react-dom": "16.8.0",
        "yargs-parser": "13.1.1"
      }
    },
    "node_modules/mstate-cli": {
      "version": "0.4.4",
      "resolved": "https://registry.npmjs.org/mstate-cli/-/mstate-cli-0.4.4.tgz"
    },
    "node_modules/payu-ui-v2": {
      "version": "1.0.0",
      "resolved": "https://registry.npmjs.org/payu-ui-v2/-/payu-ui-v2-1.0.0.tgz"
    }
  }
}
